
Microsoft Visual Studio Solution File, Format Version 12.00
# Visual Studio Version 16
VisualStudioVersion = 16.0.33423.256
MinimumVisualStudioVersion = 10.0.40219.1
Project("{FAE04EC0-301F-11D3-BF4B-00C04F79EFBC}") = "WebApplication3", "WebApplication3\WebApplication3.csproj", "{22D2B6C7-E533-47E9-880C-719A72DCE340}"
EndProject
Global
	GlobalSection(SolutionConfigurationPlatforms) = preSolution
		Debug|Any CPU = Debug|Any CPU
		Release|Any CPU = Release|Any CPU
	EndGlobalSection
	GlobalSection(ProjectConfigurationPlatforms) = postSolution
		{22D2B6C7-E533-47E9-880C-719A72DCE340}.Debug|Any CPU.ActiveCfg = Debug|Any CPU
		{22D2B6C7-E533-47E9-880C-719A72DCE340}.Debug|Any CPU.Build.0 = Debug|Any CPU
		{22D2B6C7-E533-47E9-880C-719A72DCE340}.Release|Any CPU.ActiveCfg = Release|Any CPU
		{22D2B6C7-E533-47E9-880C-719A72DCE340}.Release|Any CPU.Build.0 = Release|Any CPU
	EndGlobalSection
	GlobalSection(SolutionProperties) = preSolution
		HideSolutionNode = FALSE
	EndGlobalSection
	GlobalSection(ExtensibilityGlobals) = postSolution
		SolutionGuid = {58F89C1F-802A-4DFE-AE09-0201F8BEA363}
	EndGlobalSection
EndGlobal
